
Microsoft Visual Studio Solution File, Format Version 12.00
# Visual Studio Version 16
VisualStudioVersion = 16.0.29519.87
MinimumVisualStudioVersion = 10.0.40219.1
Project("{9A19103F-16F7-4668-BE54-9A1E7A4F7556}") = "Entities", "Entities\Entities.csproj", "{4FB19CAF-76BB-4349-AF0D-1BD1D6E7A4E5}"
	ProjectSection(ProjectDependencies) = postProject
		{C194FE6D-F056-428F-9106-5D165C6C3867} = {C194FE6D-F056-428F-9106-5D165C6C3867}
	EndProjectSection
EndProject
Project("{9A19103F-16F7-4668-BE54-9A1E7A4F7556}") = "DataAccess", "DataAccess\DataAccess.csproj", "{16121D1C-497F-4B2E-B11B-228524D91C98}"
EndProject
Project("{9A19103F-16F7-4668-BE54-9A1E7A4F7556}") = "Business", "Business\Business.csproj", "{EF32C897-E7E5-4DD4-8714-E7C3E1816596}"
	ProjectSection(ProjectDependencies) = postProject
		{4FB19CAF-76BB-4349-AF0D-1BD1D6E7A4E5} = {4FB19CAF-76BB-4349-AF0D-1BD1D6E7A4E5}
	EndProjectSection
EndProject
Project("{9A19103F-16F7-4668-BE54-9A1E7A4F7556}") = "ConsoleUI", "Console\ConsoleUI.csproj", "{39BF075B-7D61-4FFD-AFCE-903F700A7416}"
	ProjectSection(ProjectDependencies) = postProject
		{16121D1C-497F-4B2E-B11B-228524D91C98} = {16121D1C-497F-4B2E-B11B-228524D91C98}
		{4FB19CAF-76BB-4349-AF0D-1BD1D6E7A4E5} = {4FB19CAF-76BB-4349-AF0D-1BD1D6E7A4E5}
	EndProjectSection
EndProject
Project("{9A19103F-16F7-4668-BE54-9A1E7A4F7556}") = "Core", "Core\Core.csproj", "{C194FE6D-F056-428F-9106-5D165C6C3867}"
EndProject
Project("{FAE04EC0-301F-11D3-BF4B-00C04F79EFBC}") = "WebAPI", "WebAPI\WebAPI.csproj", "{61431F11-E0F9-4ABC-B20D-AED2622CB89B}"
EndProject
Global
	GlobalSection(SolutionConfigurationPlatforms) = preSolution
		Debug|Any CPU = Debug|Any CPU
		Release|Any CPU = Release|Any CPU
	EndGlobalSection
	GlobalSection(ProjectConfigurationPlatforms) = postSolution
		{4FB19CAF-76BB-4349-AF0D-1BD1D6E7A4E5}.Debug|Any CPU.ActiveCfg = Debug|Any CPU
		{4FB19CAF-76BB-4349-AF0D-1BD1D6E7A4E5}.Debug|Any CPU.Build.0 = Debug|Any CPU
		{4FB19CAF-76BB-4349-AF0D-1BD1D6E7A4E5}.Release|Any CPU.ActiveCfg = Release|Any CPU
		{4FB19CAF-76BB-4349-AF0D-1BD1D6E7A4E5}.Release|Any CPU.Build.0 = Release|Any CPU
		{16121D1C-497F-4B2E-B11B-228524D91C98}.Debug|Any CPU.ActiveCfg = Debug|Any CPU
		{16121D1C-497F-4B2E-B11B-228524D91C98}.Debug|Any CPU.Build.0 = Debug|Any CPU
		{16121D1C-497F-4B2E-B11B-228524D91C98}.Release|Any CPU.ActiveCfg = Release|Any CPU
		{16121D1C-497F-4B2E-B11B-228524D91C98}.Release|Any CPU.Build.0 = Release|Any CPU
		{EF32C897-E7E5-4DD4-8714-E7C3E1816596}.Debug|Any CPU.ActiveCfg = Debug|Any CPU
		{EF32C897-E7E5-4DD4-8714-E7C3E1816596}.Debug|Any CPU.Build.0 = Debug|Any CPU
		{EF32C897-E7E5-4DD4-8714-E7C3E1816596}.Release|Any CPU.ActiveCfg = Release|Any CPU
		{EF32C897-E7E5-4DD4-8714-E7C3E1816596}.Release|Any CPU.Build.0 = Release|Any CPU
		{39BF075B-7D61-4FFD-AFCE-903F700A7416}.Debug|Any CPU.ActiveCfg = Debug|Any CPU
		{39BF075B-7D61-4FFD-AFCE-903F700A7416}.Debug|Any CPU.Build.0 = Debug|Any CPU
		{39BF075B-7D61-4FFD-AFCE-903F700A7416}.Release|Any CPU.ActiveCfg = Release|Any CPU
		{39BF075B-7D61-4FFD-AFCE-903F700A7416}.Release|Any CPU.Build.0 = Release|Any CPU
		{C194FE6D-F056-428F-9106-5D165C6C3867}.Debug|Any CPU.ActiveCfg = Debug|Any CPU
		{C194FE6D-F056-428F-9106-5D165C6C3867}.Debug|Any CPU.Build.0 = Debug|Any CPU
		{C194FE6D-F056-428F-9106-5D165C6C3867}.Release|Any CPU.ActiveCfg = Release|Any CPU
		{C194FE6D-F056-428F-9106-5D165C6C3867}.Release|Any CPU.Build.0 = Release|Any CPU
		{61431F11-E0F9-4ABC-B20D-AED2622CB89B}.Debug|Any CPU.ActiveCfg = Debug|Any CPU
		{61431F11-E0F9-4ABC-B20D-AED2622CB89B}.Debug|Any CPU.Build.0 = Debug|Any CPU
		{61431F11-E0F9-4ABC-B20D-AED2622CB89B}.Release|Any CPU.ActiveCfg = Release|Any CPU
		{61431F11-E0F9-4ABC-B20D-AED2622CB89B}.Release|Any CPU.Build.0 = Release|Any CPU
	EndGlobalSection
	GlobalSection(SolutionProperties) = preSolution
		HideSolutionNode = FALSE
	EndGlobalSection
	GlobalSection(ExtensibilityGlobals) = postSolution
		SolutionGuid = {41CC2D84-61AB-42CB-8D54-78A8A0969599}
	EndGlobalSection
EndGlobal
